
Microsoft Visual Studio Solution File, Format Version 12.00
# Visual Studio Version 16
VisualStudioVersion = 16.0.29519.181
MinimumVisualStudioVersion = 10.0.40219.1
Project("{FAE04EC0-301F-11D3-BF4B-00C04F79EFBC}") = "ClassWork_12", "ClassWork_12.csproj", "{F041C376-7BAE-45D3-B74A-65FBDD295E68}"
EndProject
Global
	GlobalSection(SolutionConfigurationPlatforms) = preSolution
		Debug|Any CPU = Debug|Any CPU
		Release|Any CPU = Release|Any CPU
	EndGlobalSection
	GlobalSection(ProjectConfigurationPlatforms) = postSolution
		{F041C376-7BAE-45D3-B74A-65FBDD295E68}.Debug|Any CPU.ActiveCfg = Debug|Any CPU
		{F041C376-7BAE-45D3-B74A-65FBDD295E68}.Debug|Any CPU.Build.0 = Debug|Any CPU
		{F041C376-7BAE-45D3-B74A-65FBDD295E68}.Release|Any CPU.ActiveCfg = Release|Any CPU
		{F041C376-7BAE-45D3-B74A-65FBDD295E68}.Release|Any CPU.Build.0 = Release|Any CPU
	EndGlobalSection
	GlobalSection(SolutionProperties) = preSolution
		HideSolutionNode = FALSE
	EndGlobalSection
	GlobalSection(ExtensibilityGlobals) = postSolution
		SolutionGuid = {C5E65E9D-DE48-43DB-9652-2447C6C9112E}
	EndGlobalSection
EndGlobal
