
Microsoft Visual Studio Solution File, Format Version 12.00
# Visual Studio Version 16
VisualStudioVersion = 16.0.29509.3
MinimumVisualStudioVersion = 10.0.40219.1
Project("{FAE04EC0-301F-11D3-BF4B-00C04F79EFBC}") = "ConsoleApp1", "..\..\..\..\..\..\..\..\Users\User\Repositories\cs_course\Lessons\1\Classwork\ConsoleApp1\ConsoleApp1\ConsoleApp1.csproj", "{793A1A32-847E-41C0-BAD6-765CF8D7D800}"
EndProject
Global
	GlobalSection(SolutionConfigurationPlatforms) = preSolution
		Debug|Any CPU = Debug|Any CPU
		Release|Any CPU = Release|Any CPU
	EndGlobalSection
	GlobalSection(ProjectConfigurationPlatforms) = postSolution
		{793A1A32-847E-41C0-BAD6-765CF8D7D800}.Debug|Any CPU.ActiveCfg = Debug|Any CPU
		{793A1A32-847E-41C0-BAD6-765CF8D7D800}.Debug|Any CPU.Build.0 = Debug|Any CPU
		{793A1A32-847E-41C0-BAD6-765CF8D7D800}.Release|Any CPU.ActiveCfg = Release|Any CPU
		{793A1A32-847E-41C0-BAD6-765CF8D7D800}.Release|Any CPU.Build.0 = Release|Any CPU
	EndGlobalSection
	GlobalSection(SolutionProperties) = preSolution
		HideSolutionNode = FALSE
	EndGlobalSection
	GlobalSection(ExtensibilityGlobals) = postSolution
		SolutionGuid = {947DB672-7F36-435B-B16F-2EB945F8970D}
	EndGlobalSection
EndGlobal
