
Microsoft Visual Studio Solution File, Format Version 12.00
# Visual Studio Version 16
VisualStudioVersion = 16.0.30523.141
MinimumVisualStudioVersion = 10.0.40219.1
Project("{FAE04EC0-301F-11D3-BF4B-00C04F79EFBC}") = "FileWriter", "FileWriter\FileWriter.csproj", "{71E0822F-1732-43E0-9174-8D1BEDBBB1FA}"
EndProject
Global
	GlobalSection(SolutionConfigurationPlatforms) = preSolution
		Debug|Any CPU = Debug|Any CPU
		Release|Any CPU = Release|Any CPU
	EndGlobalSection
	GlobalSection(ProjectConfigurationPlatforms) = postSolution
		{71E0822F-1732-43E0-9174-8D1BEDBBB1FA}.Debug|Any CPU.ActiveCfg = Debug|Any CPU
		{71E0822F-1732-43E0-9174-8D1BEDBBB1FA}.Debug|Any CPU.Build.0 = Debug|Any CPU
		{71E0822F-1732-43E0-9174-8D1BEDBBB1FA}.Release|Any CPU.ActiveCfg = Release|Any CPU
		{71E0822F-1732-43E0-9174-8D1BEDBBB1FA}.Release|Any CPU.Build.0 = Release|Any CPU
	EndGlobalSection
	GlobalSection(SolutionProperties) = preSolution
		HideSolutionNode = FALSE
	EndGlobalSection
	GlobalSection(ExtensibilityGlobals) = postSolution
		SolutionGuid = {CA4CBB94-D675-4A67-B733-76688AADFDBC}
	EndGlobalSection
EndGlobal
