
Microsoft Visual Studio Solution File, Format Version 12.00
# Visual Studio Version 16
VisualStudioVersion = 16.0.30523.141
MinimumVisualStudioVersion = 10.0.40219.1
Project("{FAE04EC0-301F-11D3-BF4B-00C04F79EFBC}") = "CityList", "CityList\CityList.csproj", "{7A9D7018-E4EA-4FBE-AE06-E510479979B1}"
EndProject
Global
	GlobalSection(SolutionConfigurationPlatforms) = preSolution
		Debug|Any CPU = Debug|Any CPU
		Release|Any CPU = Release|Any CPU
	EndGlobalSection
	GlobalSection(ProjectConfigurationPlatforms) = postSolution
		{7A9D7018-E4EA-4FBE-AE06-E510479979B1}.Debug|Any CPU.ActiveCfg = Debug|Any CPU
		{7A9D7018-E4EA-4FBE-AE06-E510479979B1}.Debug|Any CPU.Build.0 = Debug|Any CPU
		{7A9D7018-E4EA-4FBE-AE06-E510479979B1}.Release|Any CPU.ActiveCfg = Release|Any CPU
		{7A9D7018-E4EA-4FBE-AE06-E510479979B1}.Release|Any CPU.Build.0 = Release|Any CPU
	EndGlobalSection
	GlobalSection(SolutionProperties) = preSolution
		HideSolutionNode = FALSE
	EndGlobalSection
	GlobalSection(ExtensibilityGlobals) = postSolution
		SolutionGuid = {EE6CED84-6A4F-40F3-B5F9-2D35220CAE01}
	EndGlobalSection
EndGlobal
