
Microsoft Visual Studio Solution File, Format Version 12.00
# Visual Studio Version 16
VisualStudioVersion = 16.0.30523.141
MinimumVisualStudioVersion = 10.0.40219.1
Project("{FAE04EC0-301F-11D3-BF4B-00C04F79EFBC}") = "ClassWork_14", "ClassWork_14\ClassWork_14.csproj", "{50356635-1FDA-43D4-902A-DB702C101BF8}"
EndProject
Global
	GlobalSection(SolutionConfigurationPlatforms) = preSolution
		Debug|Any CPU = Debug|Any CPU
		Release|Any CPU = Release|Any CPU
	EndGlobalSection
	GlobalSection(ProjectConfigurationPlatforms) = postSolution
		{50356635-1FDA-43D4-902A-DB702C101BF8}.Debug|Any CPU.ActiveCfg = Debug|Any CPU
		{50356635-1FDA-43D4-902A-DB702C101BF8}.Debug|Any CPU.Build.0 = Debug|Any CPU
		{50356635-1FDA-43D4-902A-DB702C101BF8}.Release|Any CPU.ActiveCfg = Release|Any CPU
		{50356635-1FDA-43D4-902A-DB702C101BF8}.Release|Any CPU.Build.0 = Release|Any CPU
	EndGlobalSection
	GlobalSection(SolutionProperties) = preSolution
		HideSolutionNode = FALSE
	EndGlobalSection
	GlobalSection(ExtensibilityGlobals) = postSolution
		SolutionGuid = {5AF5C636-779D-4449-8423-AAE1381ADB5F}
	EndGlobalSection
EndGlobal
